
Microsoft Visual Studio Solution File, Format Version 12.00
# Visual Studio Version 17
VisualStudioVersion = 17.2.32630.192
MinimumVisualStudioVersion = 10.0.40219.1
Project("{9A19103F-16F7-4668-BE54-9A1E7A4F7556}") = "R5T.F0088.Construction", "R5T.F0088.Construction\R5T.F0088.Construction.csproj", "{B6CCA01C-44E1-4460-8AFD-F564A01D31A0}"
EndProject
Project("{9A19103F-16F7-4668-BE54-9A1E7A4F7556}") = "R5T.F0088", "R5T.F0088\R5T.F0088.csproj", "{1E9881DD-DBB2-4D72-959A-5B66BF89557E}"
EndProject
Global
	GlobalSection(SolutionConfigurationPlatforms) = preSolution
		Debug|Any CPU = Debug|Any CPU
		Release|Any CPU = Release|Any CPU
	EndGlobalSection
	GlobalSection(ProjectConfigurationPlatforms) = postSolution
		{B6CCA01C-44E1-4460-8AFD-F564A01D31A0}.Debug|Any CPU.ActiveCfg = Debug|Any CPU
		{B6CCA01C-44E1-4460-8AFD-F564A01D31A0}.Debug|Any CPU.Build.0 = Debug|Any CPU
		{B6CCA01C-44E1-4460-8AFD-F564A01D31A0}.Release|Any CPU.ActiveCfg = Release|Any CPU
		{B6CCA01C-44E1-4460-8AFD-F564A01D31A0}.Release|Any CPU.Build.0 = Release|Any CPU
		{1E9881DD-DBB2-4D72-959A-5B66BF89557E}.Debug|Any CPU.ActiveCfg = Debug|Any CPU
		{1E9881DD-DBB2-4D72-959A-5B66BF89557E}.Debug|Any CPU.Build.0 = Debug|Any CPU
		{1E9881DD-DBB2-4D72-959A-5B66BF89557E}.Release|Any CPU.ActiveCfg = Release|Any CPU
		{1E9881DD-DBB2-4D72-959A-5B66BF89557E}.Release|Any CPU.Build.0 = Release|Any CPU
	EndGlobalSection
	GlobalSection(SolutionProperties) = preSolution
		HideSolutionNode = FALSE
	EndGlobalSection
	GlobalSection(ExtensibilityGlobals) = postSolution
		SolutionGuid = {CDA0E6D2-25E4-4876-B696-671BEF06BD6D}
	EndGlobalSection
EndGlobal
